
Microsoft Visual Studio Solution File, Format Version 12.00
# Visual Studio Version 17
VisualStudioVersion = 17.0.31903.59
MinimumVisualStudioVersion = 10.0.40219.1
Project("{FAE04EC0-301F-11D3-BF4B-00C04F79EFBC}") = "InstagramClone.API", "InstagramClone.API\InstagramClone.API.csproj", "{000A5135-66AD-46B1-A644-3FCD294C9356}"
EndProject
Project("{FAE04EC0-301F-11D3-BF4B-00C04F79EFBC}") = "InstagramClone.Domain", "InstagramClone.Domain\InstagramClone.Domain.csproj", "{0DA8A1D3-24DA-4595-970E-4D7572B14800}"
EndProject
Project("{FAE04EC0-301F-11D3-BF4B-00C04F79EFBC}") = "InstagramClone.Tests", "InstagramClone.Tests\InstagramClone.Tests.csproj", "{985DC5CF-2291-4DA1-B36A-59058EB679DB}"
EndProject
Global
	GlobalSection(SolutionConfigurationPlatforms) = preSolution
		Debug|Any CPU = Debug|Any CPU
		Release|Any CPU = Release|Any CPU
	EndGlobalSection
	GlobalSection(ProjectConfigurationPlatforms) = postSolution
		{000A5135-66AD-46B1-A644-3FCD294C9356}.Debug|Any CPU.ActiveCfg = Debug|Any CPU
		{000A5135-66AD-46B1-A644-3FCD294C9356}.Debug|Any CPU.Build.0 = Debug|Any CPU
		{000A5135-66AD-46B1-A644-3FCD294C9356}.Release|Any CPU.ActiveCfg = Release|Any CPU
		{000A5135-66AD-46B1-A644-3FCD294C9356}.Release|Any CPU.Build.0 = Release|Any CPU
		{0DA8A1D3-24DA-4595-970E-4D7572B14800}.Debug|Any CPU.ActiveCfg = Debug|Any CPU
		{0DA8A1D3-24DA-4595-970E-4D7572B14800}.Debug|Any CPU.Build.0 = Debug|Any CPU
		{0DA8A1D3-24DA-4595-970E-4D7572B14800}.Release|Any CPU.ActiveCfg = Release|Any CPU
		{0DA8A1D3-24DA-4595-970E-4D7572B14800}.Release|Any CPU.Build.0 = Release|Any CPU
		{985DC5CF-2291-4DA1-B36A-59058EB679DB}.Debug|Any CPU.ActiveCfg = Debug|Any CPU
		{985DC5CF-2291-4DA1-B36A-59058EB679DB}.Debug|Any CPU.Build.0 = Debug|Any CPU
		{985DC5CF-2291-4DA1-B36A-59058EB679DB}.Release|Any CPU.ActiveCfg = Release|Any CPU
		{985DC5CF-2291-4DA1-B36A-59058EB679DB}.Release|Any CPU.Build.0 = Release|Any CPU
	EndGlobalSection
	GlobalSection(SolutionProperties) = preSolution
		HideSolutionNode = FALSE
	EndGlobalSection
	GlobalSection(ExtensibilityGlobals) = postSolution
		SolutionGuid = {7CDC5463-08E3-4280-AE2C-3848725E62ED}
	EndGlobalSection
EndGlobal
